
Microsoft Visual Studio Solution File, Format Version 12.00
# Visual Studio Version 17
VisualStudioVersion = 17.0.31903.59
MinimumVisualStudioVersion = 10.0.40219.1
Project("{2150E333-8FDC-42A3-9474-1A3956D46DE8}") = "src", "src", "{10E3DC36-F679-4EF2-8F90-049D3D9D9683}"
EndProject
Project("{FAE04EC0-301F-11D3-BF4B-00C04F79EFBC}") = "API", "src\API\API.csproj", "{58C4C72D-FEF9-4327-A064-D813E0918DCA}"
EndProject
Project("{FAE04EC0-301F-11D3-BF4B-00C04F79EFBC}") = "Application", "src\Application\Application.csproj", "{B64B2E9D-51E7-42AC-8C8E-0AECDB02585E}"
EndProject
Project("{FAE04EC0-301F-11D3-BF4B-00C04F79EFBC}") = "Domain", "src\Domain\Domain.csproj", "{0D290C58-AC24-4DDE-8B79-606BA2ACA771}"
EndProject
Project("{FAE04EC0-301F-11D3-BF4B-00C04F79EFBC}") = "Infrastructure", "src\Infrastructure\Infrastructure.csproj", "{36F4A79A-22DC-41E6-A2CA-E568AA703E6C}"
EndProject
Project("{FAE04EC0-301F-11D3-BF4B-00C04F79EFBC}") = "CQRS", "src\CQRS\CQRS.csproj", "{1FAE6D40-7C1E-4734-A10B-C7D2DF6F0E75}"
EndProject
Global
	GlobalSection(SolutionConfigurationPlatforms) = preSolution
		Debug|Any CPU = Debug|Any CPU
		Release|Any CPU = Release|Any CPU
	EndGlobalSection
	GlobalSection(SolutionProperties) = preSolution
		HideSolutionNode = FALSE
	EndGlobalSection
	GlobalSection(ProjectConfigurationPlatforms) = postSolution
		{58C4C72D-FEF9-4327-A064-D813E0918DCA}.Debug|Any CPU.ActiveCfg = Debug|Any CPU
		{58C4C72D-FEF9-4327-A064-D813E0918DCA}.Debug|Any CPU.Build.0 = Debug|Any CPU
		{58C4C72D-FEF9-4327-A064-D813E0918DCA}.Release|Any CPU.ActiveCfg = Release|Any CPU
		{58C4C72D-FEF9-4327-A064-D813E0918DCA}.Release|Any CPU.Build.0 = Release|Any CPU
		{B64B2E9D-51E7-42AC-8C8E-0AECDB02585E}.Debug|Any CPU.ActiveCfg = Debug|Any CPU
		{B64B2E9D-51E7-42AC-8C8E-0AECDB02585E}.Debug|Any CPU.Build.0 = Debug|Any CPU
		{B64B2E9D-51E7-42AC-8C8E-0AECDB02585E}.Release|Any CPU.ActiveCfg = Release|Any CPU
		{B64B2E9D-51E7-42AC-8C8E-0AECDB02585E}.Release|Any CPU.Build.0 = Release|Any CPU
		{0D290C58-AC24-4DDE-8B79-606BA2ACA771}.Debug|Any CPU.ActiveCfg = Debug|Any CPU
		{0D290C58-AC24-4DDE-8B79-606BA2ACA771}.Debug|Any CPU.Build.0 = Debug|Any CPU
		{0D290C58-AC24-4DDE-8B79-606BA2ACA771}.Release|Any CPU.ActiveCfg = Release|Any CPU
		{0D290C58-AC24-4DDE-8B79-606BA2ACA771}.Release|Any CPU.Build.0 = Release|Any CPU
		{36F4A79A-22DC-41E6-A2CA-E568AA703E6C}.Debug|Any CPU.ActiveCfg = Debug|Any CPU
		{36F4A79A-22DC-41E6-A2CA-E568AA703E6C}.Debug|Any CPU.Build.0 = Debug|Any CPU
		{36F4A79A-22DC-41E6-A2CA-E568AA703E6C}.Release|Any CPU.ActiveCfg = Release|Any CPU
		{36F4A79A-22DC-41E6-A2CA-E568AA703E6C}.Release|Any CPU.Build.0 = Release|Any CPU
		{1FAE6D40-7C1E-4734-A10B-C7D2DF6F0E75}.Debug|Any CPU.ActiveCfg = Debug|Any CPU
		{1FAE6D40-7C1E-4734-A10B-C7D2DF6F0E75}.Debug|Any CPU.Build.0 = Debug|Any CPU
		{1FAE6D40-7C1E-4734-A10B-C7D2DF6F0E75}.Release|Any CPU.ActiveCfg = Release|Any CPU
		{1FAE6D40-7C1E-4734-A10B-C7D2DF6F0E75}.Release|Any CPU.Build.0 = Release|Any CPU
	EndGlobalSection
	GlobalSection(NestedProjects) = preSolution
		{58C4C72D-FEF9-4327-A064-D813E0918DCA} = {10E3DC36-F679-4EF2-8F90-049D3D9D9683}
		{B64B2E9D-51E7-42AC-8C8E-0AECDB02585E} = {10E3DC36-F679-4EF2-8F90-049D3D9D9683}
		{0D290C58-AC24-4DDE-8B79-606BA2ACA771} = {10E3DC36-F679-4EF2-8F90-049D3D9D9683}
		{36F4A79A-22DC-41E6-A2CA-E568AA703E6C} = {10E3DC36-F679-4EF2-8F90-049D3D9D9683}
		{1FAE6D40-7C1E-4734-A10B-C7D2DF6F0E75} = {10E3DC36-F679-4EF2-8F90-049D3D9D9683}
	EndGlobalSection
EndGlobal
